// !$*UTF8*$!
{
	archiveVersion = 1;
	classes = {
	};
	objectVersion = 50;
	objects = {

/* Begin PBXBuildFile section */
		7F21D1822192051D002AE655 /* FaceDetail.swift in Sources */ = {isa = PBXBuildFile; fileRef = 7F21D1812192051D002AE655 /* FaceDetail.swift */; };
		7F21D184219211B9002AE655 /* FaceDetailImageView.swift in Sources */ = {isa = PBXBuildFile; fileRef = 7F21D183219211B9002AE655 /* FaceDetailImageView.swift */; };
		7F2A96532190150F0024F342 /* AppDelegate.swift in Sources */ = {isa = PBXBuildFile; fileRef = 7F2A96522190150F0024F342 /* AppDelegate.swift */; };
		7F2A96552190150F0024F342 /* ViewController.swift in Sources */ = {isa = PBXBuildFile; fileRef = 7F2A96542190150F0024F342 /* ViewController.swift */; };
		7F2A96582190150F0024F342 /* Main.storyboard in Resources */ = {isa = PBXBuildFile; fileRef = 7F2A96562190150F0024F342 /* Main.storyboard */; };
		7F2A965A219015110024F342 /* Assets.xcassets in Resources */ = {isa = PBXBuildFile; fileRef = 7F2A9659219015110024F342 /* Assets.xcassets */; };
		7F2A965D219015110024F342 /* LaunchScreen.storyboard in Resources */ = {isa = PBXBuildFile; fileRef = 7F2A965B219015110024F342 /* LaunchScreen.storyboard */; };
		7F2A9666219015870024F342 /* opencv2.framework in Frameworks */ = {isa = PBXBuildFile; fileRef = 7F2A9665219015870024F342 /* opencv2.framework */; };
		7F2A9668219015B40024F342 /* AssetsLibrary.framework in Frameworks */ = {isa = PBXBuildFile; fileRef = 7F2A9667219015B40024F342 /* AssetsLibrary.framework */; };
		7F2A966A219015C80024F342 /* CoreGraphics.framework in Frameworks */ = {isa = PBXBuildFile; fileRef = 7F2A9669219015C80024F342 /* CoreGraphics.framework */; };
		7F2A966C219015D60024F342 /* CoreMedia.framework in Frameworks */ = {isa = PBXBuildFile; fileRef = 7F2A966B219015D60024F342 /* CoreMedia.framework */; };
		7F2A966E219015E40024F342 /* CoreFoundation.framework in Frameworks */ = {isa = PBXBuildFile; fileRef = 7F2A966D219015E40024F342 /* CoreFoundation.framework */; };
		7F2A9670219015EE0024F342 /* Accelerate.framework in Frameworks */ = {isa = PBXBuildFile; fileRef = 7F2A966F219015EE0024F342 /* Accelerate.framework */; };
		7F2A9674219016B00024F342 /* OpenCVWrapper.mm in Sources */ = {isa = PBXBuildFile; fileRef = 7F2A9673219016B00024F342 /* OpenCVWrapper.mm */; };
		7F2A9679219022650024F342 /* lena.png in Resources */ = {isa = PBXBuildFile; fileRef = 7F2A9677219022650024F342 /* lena.png */; };
		7F2A967A219022650024F342 /* mandrill.png in Resources */ = {isa = PBXBuildFile; fileRef = 7F2A9678219022650024F342 /* mandrill.png */; };
		7F2A967D219022980024F342 /* CameraController.swift in Sources */ = {isa = PBXBuildFile; fileRef = 7F2A967B219022980024F342 /* CameraController.swift */; };
		7F405C122191353500068592 /* CppUtils.mm in Sources */ = {isa = PBXBuildFile; fileRef = 7F405C112191353400068592 /* CppUtils.mm */; };
		7F405C162191578A00068592 /* ImageViewController.swift in Sources */ = {isa = PBXBuildFile; fileRef = 7F405C152191578A00068592 /* ImageViewController.swift */; };
		7F405C1821915AB100068592 /* FaceViewController.swift in Sources */ = {isa = PBXBuildFile; fileRef = 7F405C1721915AB100068592 /* FaceViewController.swift */; };
		7F405C1A21916B7F00068592 /* UIImage+Ext.swift in Sources */ = {isa = PBXBuildFile; fileRef = 7F405C1921916B7F00068592 /* UIImage+Ext.swift */; };
/* End PBXBuildFile section */

/* Begin PBXFileReference section */
		7F21D1812192051D002AE655 /* FaceDetail.swift */ = {isa = PBXFileReference; lastKnownFileType = sourcecode.swift; path = FaceDetail.swift; sourceTree = "<group>"; };
		7F21D183219211B9002AE655 /* FaceDetailImageView.swift */ = {isa = PBXFileReference; lastKnownFileType = sourcecode.swift; path = FaceDetailImageView.swift; sourceTree = "<group>"; };
		7F2A964F2190150F0024F342 /* OpenCVproject.app */ = {isa = PBXFileReference; explicitFileType = wrapper.application; includeInIndex = 0; path = OpenCVproject.app; sourceTree = BUILT_PRODUCTS_DIR; };
		7F2A96522190150F0024F342 /* AppDelegate.swift */ = {isa = PBXFileReference; lastKnownFileType = sourcecode.swift; path = AppDelegate.swift; sourceTree = "<group>"; };
		7F2A96542190150F0024F342 /* ViewController.swift */ = {isa = PBXFileReference; lastKnownFileType = sourcecode.swift; path = ViewController.swift; sourceTree = "<group>"; };
		7F2A96572190150F0024F342 /* Base */ = {isa = PBXFileReference; lastKnownFileType = file.storyboard; name = Base; path = Base.lproj/Main.storyboard; sourceTree = "<group>"; };
		7F2A9659219015110024F342 /* Assets.xcassets */ = {isa = PBXFileReference; lastKnownFileType = folder.assetcatalog; path = Assets.xcassets; sourceTree = "<group>"; };
		7F2A965C219015110024F342 /* Base */ = {isa = PBXFileReference; lastKnownFileType = file.storyboard; name = Base; path = Base.lproj/LaunchScreen.storyboard; sourceTree = "<group>"; };
		7F2A965E219015110024F342 /* Info.plist */ = {isa = PBXFileReference; lastKnownFileType = text.plist.xml; path = Info.plist; sourceTree = "<group>"; };
		7F2A9665219015870024F342 /* opencv2.framework */ = {isa = PBXFileReference; lastKnownFileType = wrapper.framework; path = opencv2.framework; sourceTree = "<group>"; };
		7F2A9667219015B40024F342 /* AssetsLibrary.framework */ = {isa = PBXFileReference; lastKnownFileType = wrapper.framework; name = AssetsLibrary.framework; path = System/Library/Frameworks/AssetsLibrary.framework; sourceTree = SDKROOT; };
		7F2A9669219015C80024F342 /* CoreGraphics.framework */ = {isa = PBXFileReference; lastKnownFileType = wrapper.framework; name = CoreGraphics.framework; path = System/Library/Frameworks/CoreGraphics.framework; sourceTree = SDKROOT; };
		7F2A966B219015D60024F342 /* CoreMedia.framework */ = {isa = PBXFileReference; lastKnownFileType = wrapper.framework; name = CoreMedia.framework; path = System/Library/Frameworks/CoreMedia.framework; sourceTree = SDKROOT; };
		7F2A966D219015E40024F342 /* CoreFoundation.framework */ = {isa = PBXFileReference; lastKnownFileType = wrapper.framework; name = CoreFoundation.framework; path = System/Library/Frameworks/CoreFoundation.framework; sourceTree = SDKROOT; };
		7F2A966F219015EE0024F342 /* Accelerate.framework */ = {isa = PBXFileReference; lastKnownFileType = wrapper.framework; name = Accelerate.framework; path = System/Library/Frameworks/Accelerate.framework; sourceTree = SDKROOT; };
		7F2A9671219016AF0024F342 /* OpenCVproject-Bridging-Header.h */ = {isa = PBXFileReference; lastKnownFileType = sourcecode.c.h; path = "OpenCVproject-Bridging-Header.h"; sourceTree = "<group>"; };
		7F2A9672219016B00024F342 /* OpenCVWrapper.h */ = {isa = PBXFileReference; lastKnownFileType = sourcecode.c.h; path = OpenCVWrapper.h; sourceTree = "<group>"; };
		7F2A9673219016B00024F342 /* OpenCVWrapper.mm */ = {isa = PBXFileReference; lastKnownFileType = sourcecode.cpp.objcpp; path = OpenCVWrapper.mm; sourceTree = "<group>"; };
		7F2A96752190178C0024F342 /* PrefixHeader.pch */ = {isa = PBXFileReference; lastKnownFileType = sourcecode.c.h; path = PrefixHeader.pch; sourceTree = "<group>"; };
		7F2A9677219022650024F342 /* lena.png */ = {isa = PBXFileReference; lastKnownFileType = image.png; path = lena.png; sourceTree = "<group>"; };
		7F2A9678219022650024F342 /* mandrill.png */ = {isa = PBXFileReference; lastKnownFileType = image.png; path = mandrill.png; sourceTree = "<group>"; };
		7F2A967B219022980024F342 /* CameraController.swift */ = {isa = PBXFileReference; fileEncoding = 4; lastKnownFileType = sourcecode.swift; path = CameraController.swift; sourceTree = "<group>"; };
		7F405C102191353400068592 /* CppUtils.hpp */ = {isa = PBXFileReference; lastKnownFileType = sourcecode.cpp.h; path = CppUtils.hpp; sourceTree = "<group>"; };
		7F405C112191353400068592 /* CppUtils.mm */ = {isa = PBXFileReference; lastKnownFileType = sourcecode.cpp.objcpp; path = CppUtils.mm; sourceTree = "<group>"; };
		7F405C152191578A00068592 /* ImageViewController.swift */ = {isa = PBXFileReference; fileEncoding = 4; lastKnownFileType = sourcecode.swift; path = ImageViewController.swift; sourceTree = "<group>"; };
		7F405C1721915AB100068592 /* FaceViewController.swift */ = {isa = PBXFileReference; lastKnownFileType = sourcecode.swift; path = FaceViewController.swift; sourceTree = "<group>"; };
		7F405C1921916B7F00068592 /* UIImage+Ext.swift */ = {isa = PBXFileReference; lastKnownFileType = sourcecode.swift; path = "UIImage+Ext.swift"; sourceTree = "<group>"; };
/* End PBXFileReference section */

/* Begin PBXFrameworksBuildPhase section */
		7F2A964C2190150F0024F342 /* Frameworks */ = {
			isa = PBXFrameworksBuildPhase;
			buildActionMask = 2147483647;
			files = (
				7F2A9670219015EE0024F342 /* Accelerate.framework in Frameworks */,
				7F2A966E219015E40024F342 /* CoreFoundation.framework in Frameworks */,
				7F2A966C219015D60024F342 /* CoreMedia.framework in Frameworks */,
				7F2A966A219015C80024F342 /* CoreGraphics.framework in Frameworks */,
				7F2A9668219015B40024F342 /* AssetsLibrary.framework in Frameworks */,
				7F2A9666219015870024F342 /* opencv2.framework in Frameworks */,
			);
			runOnlyForDeploymentPostprocessing = 0;
		};
/* End PBXFrameworksBuildPhase section */

/* Begin PBXGroup section */
		7F21D1802192047D002AE655 /* Model */ = {
			isa = PBXGroup;
			children = (
				7F21D1812192051D002AE655 /* FaceDetail.swift */,
			);
			path = Model;
			sourceTree = "<group>";
		};
		7F2A96462190150F0024F342 = {
			isa = PBXGroup;
			children = (
				7F2A96512190150F0024F342 /* OpenCVproject */,
				7F2A96502190150F0024F342 /* Products */,
				7F2A9664219015870024F342 /* Frameworks */,
			);
			sourceTree = "<group>";
		};
		7F2A96502190150F0024F342 /* Products */ = {
			isa = PBXGroup;
			children = (
				7F2A964F2190150F0024F342 /* OpenCVproject.app */,
			);
			name = Products;
			sourceTree = "<group>";
		};
		7F2A96512190150F0024F342 /* OpenCVproject */ = {
			isa = PBXGroup;
			children = (
				7F405C13219139B800068592 /* Scene */,
				7F405C0D219134C900068592 /* Utils */,
				7F405C14219139ED00068592 /* Resources */,
				7F2A96522190150F0024F342 /* AppDelegate.swift */,
				7F2A96752190178C0024F342 /* PrefixHeader.pch */,
				7F2A965B219015110024F342 /* LaunchScreen.storyboard */,
				7F2A965E219015110024F342 /* Info.plist */,
				7F2A9671219016AF0024F342 /* OpenCVproject-Bridging-Header.h */,
			);
			path = OpenCVproject;
			sourceTree = "<group>";
		};
		7F2A9664219015870024F342 /* Frameworks */ = {
			isa = PBXGroup;
			children = (
				7F2A966F219015EE0024F342 /* Accelerate.framework */,
				7F2A966D219015E40024F342 /* CoreFoundation.framework */,
				7F2A966B219015D60024F342 /* CoreMedia.framework */,
				7F2A9669219015C80024F342 /* CoreGraphics.framework */,
				7F2A9667219015B40024F342 /* AssetsLibrary.framework */,
				7F2A9665219015870024F342 /* opencv2.framework */,
			);
			name = Frameworks;
			sourceTree = "<group>";
		};
		7F2A9676219022650024F342 /* Images */ = {
			isa = PBXGroup;
			children = (
				7F2A9677219022650024F342 /* lena.png */,
				7F2A9678219022650024F342 /* mandrill.png */,
			);
			path = Images;
			sourceTree = "<group>";
		};
		7F405C0D219134C900068592 /* Utils */ = {
			isa = PBXGroup;
			children = (
				7F2A9672219016B00024F342 /* OpenCVWrapper.h */,
				7F2A9673219016B00024F342 /* OpenCVWrapper.mm */,
				7F405C102191353400068592 /* CppUtils.hpp */,
				7F405C112191353400068592 /* CppUtils.mm */,
				7F405C1921916B7F00068592 /* UIImage+Ext.swift */,
			);
			path = Utils;
			sourceTree = "<group>";
		};
		7F405C13219139B800068592 /* Scene */ = {
			isa = PBXGroup;
			children = (
				7F21D1802192047D002AE655 /* Model */,
				7F2A96562190150F0024F342 /* Main.storyboard */,
				7F2A96542190150F0024F342 /* ViewController.swift */,
				7F2A967B219022980024F342 /* CameraController.swift */,
				7F405C152191578A00068592 /* ImageViewController.swift */,
				7F405C1721915AB100068592 /* FaceViewController.swift */,
				7F21D183219211B9002AE655 /* FaceDetailImageView.swift */,
			);
			path = Scene;
			sourceTree = "<group>";
		};
		7F405C14219139ED00068592 /* Resources */ = {
			isa = PBXGroup;
			children = (
				7F2A9659219015110024F342 /* Assets.xcassets */,
				7F2A9676219022650024F342 /* Images */,
			);
			path = Resources;
			sourceTree = "<group>";
		};
/* End PBXGroup section */

/* Begin PBXNativeTarget section */
		7F2A964E2190150F0024F342 /* OpenCVproject */ = {
			isa = PBXNativeTarget;
			buildConfigurationList = 7F2A9661219015110024F342 /* Build configuration list for PBXNativeTarget "OpenCVproject" */;
			buildPhases = (
				7F2A964B2190150F0024F342 /* Sources */,
				7F2A964C2190150F0024F342 /* Frameworks */,
				7F2A964D2190150F0024F342 /* Resources */,
			);
			buildRules = (
			);
			dependencies = (
			);
			name = OpenCVproject;
			productName = OpenCVproject;
			productReference = 7F2A964F2190150F0024F342 /* OpenCVproject.app */;
			productType = "com.apple.product-type.application";
		};
/* End PBXNativeTarget section */

/* Begin PBXProject section */
		7F2A96472190150F0024F342 /* Project object */ = {
			isa = PBXProject;
			attributes = {
				LastSwiftUpdateCheck = 1010;
				LastUpgradeCheck = 1010;
				ORGANIZATIONNAME = "Сергей Кротких";
				TargetAttributes = {
					7F2A964E2190150F0024F342 = {
						CreatedOnToolsVersion = 10.1;
						LastSwiftMigration = 1010;
					};
				};
			};
			buildConfigurationList = 7F2A964A2190150F0024F342 /* Build configuration list for PBXProject "OpenCVproject" */;
			compatibilityVersion = "Xcode 9.3";
			developmentRegion = en;
			hasScannedForEncodings = 0;
			knownRegions = (
				en,
				Base,
			);
			mainGroup = 7F2A96462190150F0024F342;
			productRefGroup = 7F2A96502190150F0024F342 /* Products */;
			projectDirPath = "";
			projectRoot = "";
			targets = (
				7F2A964E2190150F0024F342 /* OpenCVproject */,
			);
		};
/* End PBXProject section */

/* Begin PBXResourcesBuildPhase section */
		7F2A964D2190150F0024F342 /* Resources */ = {
			isa = PBXResourcesBuildPhase;
			buildActionMask = 2147483647;
			files = (
				7F2A965D219015110024F342 /* LaunchScreen.storyboard in Resources */,
				7F2A965A219015110024F342 /* Assets.xcassets in Resources */,
				7F2A96582190150F0024F342 /* Main.storyboard in Resources */,
				7F2A967A219022650024F342 /* mandrill.png in Resources */,
				7F2A9679219022650024F342 /* lena.png in Resources */,
			);
			runOnlyForDeploymentPostprocessing = 0;
		};
/* End PBXResourcesBuildPhase section */

/* Begin PBXSourcesBuildPhase section */
		7F2A964B2190150F0024F342 /* Sources */ = {
			isa = PBXSourcesBuildPhase;
			buildActionMask = 2147483647;
			files = (
				7F2A96552190150F0024F342 /* ViewController.swift in Sources */,
				7F405C1A21916B7F00068592 /* UIImage+Ext.swift in Sources */,
				7F21D1822192051D002AE655 /* FaceDetail.swift in Sources */,
				7F405C1821915AB100068592 /* FaceViewController.swift in Sources */,
				7F21D184219211B9002AE655 /* FaceDetailImageView.swift in Sources */,
				7F2A96532190150F0024F342 /* AppDelegate.swift in Sources */,
				7F405C122191353500068592 /* CppUtils.mm in Sources */,
				7F2A967D219022980024F342 /* CameraController.swift in Sources */,
				7F405C162191578A00068592 /* ImageViewController.swift in Sources */,
				7F2A9674219016B00024F342 /* OpenCVWrapper.mm in Sources */,
			);
			runOnlyForDeploymentPostprocessing = 0;
		};
/* End PBXSourcesBuildPhase section */

/* Begin PBXVariantGroup section */
		7F2A96562190150F0024F342 /* Main.storyboard */ = {
			isa = PBXVariantGroup;
			children = (
				7F2A96572190150F0024F342 /* Base */,
			);
			name = Main.storyboard;
			sourceTree = "<group>";
		};
		7F2A965B219015110024F342 /* LaunchScreen.storyboard */ = {
			isa = PBXVariantGroup;
			children = (
				7F2A965C219015110024F342 /* Base */,
			);
			name = LaunchScreen.storyboard;
			sourceTree = "<group>";
		};
/* End PBXVariantGroup section */

/* Begin XCBuildConfiguration section */
		7F2A965F219015110024F342 /* Debug */ = {
			isa = XCBuildConfiguration;
			buildSettings = {
				ALWAYS_SEARCH_USER_PATHS = NO;
				CLANG_ANALYZER_NONNULL = YES;
				CLANG_ANALYZER_NUMBER_OBJECT_CONVERSION = YES_AGGRESSIVE;
				CLANG_CXX_LANGUAGE_STANDARD = "gnu++14";
				CLANG_CXX_LIBRARY = "libc++";
				CLANG_ENABLE_MODULES = YES;
				CLANG_ENABLE_OBJC_ARC = YES;
				CLANG_ENABLE_OBJC_WEAK = YES;
				CLANG_WARN_BLOCK_CAPTURE_AUTORELEASING = YES;
				CLANG_WARN_BOOL_CONVERSION = YES;
				CLANG_WARN_COMMA = YES;
				CLANG_WARN_CONSTANT_CONVERSION = YES;
				CLANG_WARN_DEPRECATED_OBJC_IMPLEMENTATIONS = YES;
				CLANG_WARN_DIRECT_OBJC_ISA_USAGE = YES_ERROR;
				CLANG_WARN_DOCUMENTATION_COMMENTS = YES;
				CLANG_WARN_EMPTY_BODY = YES;
				CLANG_WARN_ENUM_CONVERSION = YES;
				CLANG_WARN_INFINITE_RECURSION = YES;
				CLANG_WARN_INT_CONVERSION = YES;
				CLANG_WARN_NON_LITERAL_NULL_CONVERSION = YES;
				CLANG_WARN_OBJC_IMPLICIT_RETAIN_SELF = YES;
				CLANG_WARN_OBJC_LITERAL_CONVERSION = YES;
				CLANG_WARN_OBJC_ROOT_CLASS = YES_ERROR;
				CLANG_WARN_RANGE_LOOP_ANALYSIS = YES;
				CLANG_WARN_STRICT_PROTOTYPES = YES;
				CLANG_WARN_SUSPICIOUS_MOVE = YES;
				CLANG_WARN_UNGUARDED_AVAILABILITY = YES_AGGRESSIVE;
				CLANG_WARN_UNREACHABLE_CODE = YES;
				CLANG_WARN__DUPLICATE_METHOD_MATCH = YES;
				CODE_SIGN_IDENTITY = "iPhone Developer";
				COPY_PHASE_STRIP = NO;
				DEBUG_INFORMATION_FORMAT = dwarf;
				ENABLE_STRICT_OBJC_MSGSEND = YES;
				ENABLE_TESTABILITY = YES;
				GCC_C_LANGUAGE_STANDARD = gnu11;
				GCC_DYNAMIC_NO_PIC = NO;
				GCC_NO_COMMON_BLOCKS = YES;
				GCC_OPTIMIZATION_LEVEL = 0;
				GCC_PREPROCESSOR_DEFINITIONS = (
					"DEBUG=1",
					"$(inherited)",
				);
				GCC_WARN_64_TO_32_BIT_CONVERSION = YES;
				GCC_WARN_ABOUT_RETURN_TYPE = YES_ERROR;
				GCC_WARN_UNDECLARED_SELECTOR = YES;
				GCC_WARN_UNINITIALIZED_AUTOS = YES_AGGRESSIVE;
				GCC_WARN_UNUSED_FUNCTION = YES;
				GCC_WARN_UNUSED_VARIABLE = YES;
				IPHONEOS_DEPLOYMENT_TARGET = 12.1;
				MTL_ENABLE_DEBUG_INFO = INCLUDE_SOURCE;
				MTL_FAST_MATH = YES;
				ONLY_ACTIVE_ARCH = YES;
				SDKROOT = iphoneos;
				SWIFT_ACTIVE_COMPILATION_CONDITIONS = DEBUG;
				SWIFT_OPTIMIZATION_LEVEL = "-Onone";
			};
			name = Debug;
		};
		7F2A9660219015110024F342 /* Release */ = {
			isa = XCBuildConfiguration;
			buildSettings = {
				ALWAYS_SEARCH_USER_PATHS = NO;
				CLANG_ANALYZER_NONNULL = YES;
				CLANG_ANALYZER_NUMBER_OBJECT_CONVERSION = YES_AGGRESSIVE;
				CLANG_CXX_LANGUAGE_STANDARD = "gnu++14";
				CLANG_CXX_LIBRARY = "libc++";
				CLANG_ENABLE_MODULES = YES;
				CLANG_ENABLE_OBJC_ARC = YES;
				CLANG_ENABLE_OBJC_WEAK = YES;
				CLANG_WARN_BLOCK_CAPTURE_AUTORELEASING = YES;
				CLANG_WARN_BOOL_CONVERSION = YES;
				CLANG_WARN_COMMA = YES;
				CLANG_WARN_CONSTANT_CONVERSION = YES;
				CLANG_WARN_DEPRECATED_OBJC_IMPLEMENTATIONS = YES;
				CLANG_WARN_DIRECT_OBJC_ISA_USAGE = YES_ERROR;
				CLANG_WARN_DOCUMENTATION_COMMENTS = YES;
				CLANG_WARN_EMPTY_BODY = YES;
				CLANG_WARN_ENUM_CONVERSION = YES;
				CLANG_WARN_INFINITE_RECURSION = YES;
				CLANG_WARN_INT_CONVERSION = YES;
				CLANG_WARN_NON_LITERAL_NULL_CONVERSION = YES;
				CLANG_WARN_OBJC_IMPLICIT_RETAIN_SELF = YES;
				CLANG_WARN_OBJC_LITERAL_CONVERSION = YES;
				CLANG_WARN_OBJC_ROOT_CLASS = YES_ERROR;
				CLANG_WARN_RANGE_LOOP_ANALYSIS = YES;
				CLANG_WARN_STRICT_PROTOTYPES = YES;
				CLANG_WARN_SUSPICIOUS_MOVE = YES;
				CLANG_WARN_UNGUARDED_AVAILABILITY = YES_AGGRESSIVE;
				CLANG_WARN_UNREACHABLE_CODE = YES;
				CLANG_WARN__DUPLICATE_METHOD_MATCH = YES;
				CODE_SIGN_IDENTITY = "iPhone Developer";
				COPY_PHASE_STRIP = NO;
				DEBUG_INFORMATION_FORMAT = "dwarf-with-dsym";
				ENABLE_NS_ASSERTIONS = NO;
				ENABLE_STRICT_OBJC_MSGSEND = YES;
				GCC_C_LANGUAGE_STANDARD = gnu11;
				GCC_NO_COMMON_BLOCKS = YES;
				GCC_WARN_64_TO_32_BIT_CONVERSION = YES;
				GCC_WARN_ABOUT_RETURN_TYPE = YES_ERROR;
				GCC_WARN_UNDECLARED_SELECTOR = YES;
				GCC_WARN_UNINITIALIZED_AUTOS = YES_AGGRESSIVE;
				GCC_WARN_UNUSED_FUNCTION = YES;
				GCC_WARN_UNUSED_VARIABLE = YES;
				IPHONEOS_DEPLOYMENT_TARGET = 12.1;
				MTL_ENABLE_DEBUG_INFO = NO;
				MTL_FAST_MATH = YES;
				SDKROOT = iphoneos;
				SWIFT_COMPILATION_MODE = wholemodule;
				SWIFT_OPTIMIZATION_LEVEL = "-O";
				VALIDATE_PRODUCT = YES;
			};
			name = Release;
		};
		7F2A9662219015110024F342 /* Debug */ = {
			isa = XCBuildConfiguration;
			buildSettings = {
				ASSETCATALOG_COMPILER_APPICON_NAME = AppIcon;
				CLANG_ENABLE_MODULES = YES;
				CODE_SIGN_STYLE = Automatic;
				DEVELOPMENT_TEAM = N5B5T39W8Y;
				FRAMEWORK_SEARCH_PATHS = (
					"$(inherited)",
					"$(PROJECT_DIR)",
				);
				GCC_PRECOMPILE_PREFIX_HEADER = YES;
				GCC_PREFIX_HEADER = "$(SRCROOT)/OpenCVproject/PrefixHeader.pch";
				INFOPLIST_FILE = OpenCVproject/Info.plist;
				LD_RUNPATH_SEARCH_PATHS = (
					"$(inherited)",
					"@executable_path/Frameworks",
				);
				PRODUCT_BUNDLE_IDENTIFIER = com.skdevappleid.OpenCVproject;
				PRODUCT_NAME = "$(TARGET_NAME)";
				SWIFT_OBJC_BRIDGING_HEADER = "OpenCVproject/OpenCVproject-Bridging-Header.h";
				SWIFT_OPTIMIZATION_LEVEL = "-Onone";
				SWIFT_VERSION = 4.2;
				TARGETED_DEVICE_FAMILY = "1,2";
			};
			name = Debug;
		};
		7F2A9663219015110024F342 /* Release */ = {
			isa = XCBuildConfiguration;
			buildSettings = {
				ASSETCATALOG_COMPILER_APPICON_NAME = AppIcon;
				CLANG_ENABLE_MODULES = YES;
				CODE_SIGN_STYLE = Automatic;
				DEVELOPMENT_TEAM = N5B5T39W8Y;
				FRAMEWORK_SEARCH_PATHS = (
					"$(inherited)",
					"$(PROJECT_DIR)",
				);
				GCC_PRECOMPILE_PREFIX_HEADER = YES;
				GCC_PREFIX_HEADER = "$(SRCROOT)/OpenCVproject/PrefixHeader.pch";
				INFOPLIST_FILE = OpenCVproject/Info.plist;
				LD_RUNPATH_SEARCH_PATHS = (
					"$(inherited)",
					"@executable_path/Frameworks",
				);
				PRODUCT_BUNDLE_IDENTIFIER = com.skdevappleid.OpenCVproject;
				PRODUCT_NAME = "$(TARGET_NAME)";
				SWIFT_OBJC_BRIDGING_HEADER = "OpenCVproject/OpenCVproject-Bridging-Header.h";
				SWIFT_VERSION = 4.2;
				TARGETED_DEVICE_FAMILY = "1,2";
			};
			name = Release;
		};
/* End XCBuildConfiguration section */

/* Begin XCConfigurationList section */
		7F2A964A2190150F0024F342 /* Build configuration list for PBXProject "OpenCVproject" */ = {
			isa = XCConfigurationList;
			buildConfigurations = (
				7F2A965F219015110024F342 /* Debug */,
				7F2A9660219015110024F342 /* Release */,
			);
			defaultConfigurationIsVisible = 0;
			defaultConfigurationName = Release;
		};
		7F2A9661219015110024F342 /* Build configuration list for PBXNativeTarget "OpenCVproject" */ = {
			isa = XCConfigurationList;
			buildConfigurations = (
				7F2A9662219015110024F342 /* Debug */,
				7F2A9663219015110024F342 /* Release */,
			);
			defaultConfigurationIsVisible = 0;
			defaultConfigurationName = Release;
		};
/* End XCConfigurationList section */
	};
	rootObject = 7F2A96472190150F0024F342 /* Project object */;
}
